
Microsoft Visual Studio Solution File, Format Version 12.00
# Visual Studio Version 17
VisualStudioVersion = 17.6.33829.357
MinimumVisualStudioVersion = 10.0.40219.1
Project("{FAE04EC0-301F-11D3-BF4B-00C04F79EFBC}") = "IkinciElKitapSatis", "IkinciElKitapSatis\IkinciElKitapSatis.csproj", "{0A192B0F-9FA6-49ED-87A6-71EAF68538A1}"
EndProject
Project("{2150E333-8FDC-42A3-9474-1A3956D46DE8}") = "Solution Items", "Solution Items", "{CB12BA44-0918-428D-AE55-2040C97E87E6}"
	ProjectSection(SolutionItems) = preProject
		.editorconfig = .editorconfig
	EndProjectSection
EndProject
Global
	GlobalSection(SolutionConfigurationPlatforms) = preSolution
		Debug|Any CPU = Debug|Any CPU
		Release|Any CPU = Release|Any CPU
	EndGlobalSection
	GlobalSection(ProjectConfigurationPlatforms) = postSolution
		{0A192B0F-9FA6-49ED-87A6-71EAF68538A1}.Debug|Any CPU.ActiveCfg = Debug|Any CPU
		{0A192B0F-9FA6-49ED-87A6-71EAF68538A1}.Debug|Any CPU.Build.0 = Debug|Any CPU
		{0A192B0F-9FA6-49ED-87A6-71EAF68538A1}.Release|Any CPU.ActiveCfg = Release|Any CPU
		{0A192B0F-9FA6-49ED-87A6-71EAF68538A1}.Release|Any CPU.Build.0 = Release|Any CPU
	EndGlobalSection
	GlobalSection(SolutionProperties) = preSolution
		HideSolutionNode = FALSE
	EndGlobalSection
	GlobalSection(ExtensibilityGlobals) = postSolution
		SolutionGuid = {EAA3F74C-277A-4524-9F14-2FE4219E0724}
	EndGlobalSection
EndGlobal
